
Microsoft Visual Studio Solution File, Format Version 12.00
# Visual Studio 15
VisualStudioVersion = 15.0.28307.645
MinimumVisualStudioVersion = 10.0.40219.1
Project("{FAE04EC0-301F-11D3-BF4B-00C04F79EFBC}") = "NoteSpawnEffectRemover", "NoteSpawnEffectRemover\NoteSpawnEffectRemover.csproj", "{AE75A8E0-32A4-4514-A01F-442E0B2F337D}"
EndProject
Global
	GlobalSection(SolutionConfigurationPlatforms) = preSolution
		Debug|Any CPU = Debug|Any CPU
		Release|Any CPU = Release|Any CPU
	EndGlobalSection
	GlobalSection(ProjectConfigurationPlatforms) = postSolution
		{AE75A8E0-32A4-4514-A01F-442E0B2F337D}.Debug|Any CPU.ActiveCfg = Debug|Any CPU
		{AE75A8E0-32A4-4514-A01F-442E0B2F337D}.Debug|Any CPU.Build.0 = Debug|Any CPU
		{AE75A8E0-32A4-4514-A01F-442E0B2F337D}.Release|Any CPU.ActiveCfg = Release|Any CPU
		{AE75A8E0-32A4-4514-A01F-442E0B2F337D}.Release|Any CPU.Build.0 = Release|Any CPU
	EndGlobalSection
	GlobalSection(SolutionProperties) = preSolution
		HideSolutionNode = FALSE
	EndGlobalSection
	GlobalSection(ExtensibilityGlobals) = postSolution
		SolutionGuid = {8A221609-FE78-4E60-9E63-A0EE6E792156}
	EndGlobalSection
EndGlobal
